
Microsoft Visual Studio Solution File, Format Version 12.00
# Visual Studio Version 16
VisualStudioVersion = 16.0.31025.194
MinimumVisualStudioVersion = 10.0.40219.1
Project("{2150E333-8FDC-42A3-9474-1A3956D46DE8}") = "Other", "Other", "{76EDEA35-945C-4295-A16C-A0978B5B3C6C}"
EndProject
Project("{9A19103F-16F7-4668-BE54-9A1E7A4F7556}") = "ClassVsStructVsRecord", "Other\ClassVsStructVsRecord\ClassVsStructVsRecord\ClassVsStructVsRecord.csproj", "{22DB4E62-323A-4736-B1C9-694DB929FE45}"
EndProject
Project("{2150E333-8FDC-42A3-9474-1A3956D46DE8}") = "ProfcsharpShow", "ProfcsharpShow", "{7B9DD448-0170-44AD-8D5F-97DA045C6A6E}"
EndProject
Project("{2150E333-8FDC-42A3-9474-1A3956D46DE8}") = "S1E1Calculator", "S1E1Calculator", "{75C2AADC-3F09-4DAD-93A7-B90C23F4CD68}"
	ProjectSection(SolutionItems) = preProject
		ProfcsharpShow\S1E1Calculator\task.txt = ProfcsharpShow\S1E1Calculator\task.txt
	EndProjectSection
EndProject
Project("{9A19103F-16F7-4668-BE54-9A1E7A4F7556}") = "CalculatorCore", "ProfcsharpShow\S1E1Calculator\CalculatorCore\CalculatorCore.csproj", "{F67C315B-246B-4998-966A-3ED7366834F7}"
EndProject
Project("{9A19103F-16F7-4668-BE54-9A1E7A4F7556}") = "CalculatorCoreTest", "ProfcsharpShow\S1E1Calculator\CalculatorCoreTest\CalculatorCoreTest.csproj", "{613F88F3-E78C-4368-BFC2-90CDC22E1D16}"
EndProject
Project("{9A19103F-16F7-4668-BE54-9A1E7A4F7556}") = "ConsoleUI", "ProfcsharpShow\S1E1Calculator\ConsoleUI\ConsoleUI.csproj", "{DE2CD813-33C4-49B9-8E94-CE34EDF2E08C}"
EndProject
Project("{9A19103F-16F7-4668-BE54-9A1E7A4F7556}") = "WpfUI", "ProfcsharpShow\S1E1Calculator\WpfUI\WpfUI.csproj", "{D3FB6C75-5B20-4531-97DF-2C97012741B0}"
EndProject
Global
	GlobalSection(SolutionConfigurationPlatforms) = preSolution
		Debug|Any CPU = Debug|Any CPU
		Release|Any CPU = Release|Any CPU
	EndGlobalSection
	GlobalSection(ProjectConfigurationPlatforms) = postSolution
		{22DB4E62-323A-4736-B1C9-694DB929FE45}.Debug|Any CPU.ActiveCfg = Debug|Any CPU
		{22DB4E62-323A-4736-B1C9-694DB929FE45}.Debug|Any CPU.Build.0 = Debug|Any CPU
		{22DB4E62-323A-4736-B1C9-694DB929FE45}.Release|Any CPU.ActiveCfg = Release|Any CPU
		{22DB4E62-323A-4736-B1C9-694DB929FE45}.Release|Any CPU.Build.0 = Release|Any CPU
		{F67C315B-246B-4998-966A-3ED7366834F7}.Debug|Any CPU.ActiveCfg = Debug|Any CPU
		{F67C315B-246B-4998-966A-3ED7366834F7}.Debug|Any CPU.Build.0 = Debug|Any CPU
		{F67C315B-246B-4998-966A-3ED7366834F7}.Release|Any CPU.ActiveCfg = Release|Any CPU
		{F67C315B-246B-4998-966A-3ED7366834F7}.Release|Any CPU.Build.0 = Release|Any CPU
		{613F88F3-E78C-4368-BFC2-90CDC22E1D16}.Debug|Any CPU.ActiveCfg = Debug|Any CPU
		{613F88F3-E78C-4368-BFC2-90CDC22E1D16}.Debug|Any CPU.Build.0 = Debug|Any CPU
		{613F88F3-E78C-4368-BFC2-90CDC22E1D16}.Release|Any CPU.ActiveCfg = Release|Any CPU
		{613F88F3-E78C-4368-BFC2-90CDC22E1D16}.Release|Any CPU.Build.0 = Release|Any CPU
		{DE2CD813-33C4-49B9-8E94-CE34EDF2E08C}.Debug|Any CPU.ActiveCfg = Debug|Any CPU
		{DE2CD813-33C4-49B9-8E94-CE34EDF2E08C}.Debug|Any CPU.Build.0 = Debug|Any CPU
		{DE2CD813-33C4-49B9-8E94-CE34EDF2E08C}.Release|Any CPU.ActiveCfg = Release|Any CPU
		{DE2CD813-33C4-49B9-8E94-CE34EDF2E08C}.Release|Any CPU.Build.0 = Release|Any CPU
		{D3FB6C75-5B20-4531-97DF-2C97012741B0}.Debug|Any CPU.ActiveCfg = Debug|Any CPU
		{D3FB6C75-5B20-4531-97DF-2C97012741B0}.Debug|Any CPU.Build.0 = Debug|Any CPU
		{D3FB6C75-5B20-4531-97DF-2C97012741B0}.Release|Any CPU.ActiveCfg = Release|Any CPU
		{D3FB6C75-5B20-4531-97DF-2C97012741B0}.Release|Any CPU.Build.0 = Release|Any CPU
	EndGlobalSection
	GlobalSection(SolutionProperties) = preSolution
		HideSolutionNode = FALSE
	EndGlobalSection
	GlobalSection(NestedProjects) = preSolution
		{22DB4E62-323A-4736-B1C9-694DB929FE45} = {76EDEA35-945C-4295-A16C-A0978B5B3C6C}
		{75C2AADC-3F09-4DAD-93A7-B90C23F4CD68} = {7B9DD448-0170-44AD-8D5F-97DA045C6A6E}
		{F67C315B-246B-4998-966A-3ED7366834F7} = {75C2AADC-3F09-4DAD-93A7-B90C23F4CD68}
		{613F88F3-E78C-4368-BFC2-90CDC22E1D16} = {75C2AADC-3F09-4DAD-93A7-B90C23F4CD68}
		{DE2CD813-33C4-49B9-8E94-CE34EDF2E08C} = {75C2AADC-3F09-4DAD-93A7-B90C23F4CD68}
		{D3FB6C75-5B20-4531-97DF-2C97012741B0} = {75C2AADC-3F09-4DAD-93A7-B90C23F4CD68}
	EndGlobalSection
	GlobalSection(ExtensibilityGlobals) = postSolution
		SolutionGuid = {F9D1B8C0-69F5-4E72-8BE8-74E08F244D21}
	EndGlobalSection
EndGlobal
